
Microsoft Visual Studio Solution File, Format Version 12.00
# Visual Studio 15
VisualStudioVersion = 15.0.28307.329
MinimumVisualStudioVersion = 10.0.40219.1
Project("{9A19103F-16F7-4668-BE54-9A1E7A4F7556}") = "OdeToFood", "OdeToFood\OdeToFood.csproj", "{664916E4-6110-4B75-BA25-6882A9DD9CA8}"
EndProject
Project("{FAE04EC0-301F-11D3-BF4B-00C04F79EFBC}") = "OdeToFood.Core", "OdeToFood.Core\OdeToFood.Core.csproj", "{C754F4F8-6D7F-4297-81F6-835E618B0852}"
EndProject
Project("{FAE04EC0-301F-11D3-BF4B-00C04F79EFBC}") = "OdeToFood.Data", "OdeToFood.Data\OdeToFood.Data.csproj", "{8366C410-3475-4B7F-A1FF-60C7FF92CBC4}"
EndProject
Global
	GlobalSection(SolutionConfigurationPlatforms) = preSolution
		Debug|Any CPU = Debug|Any CPU
		Release|Any CPU = Release|Any CPU
	EndGlobalSection
	GlobalSection(ProjectConfigurationPlatforms) = postSolution
		{664916E4-6110-4B75-BA25-6882A9DD9CA8}.Debug|Any CPU.ActiveCfg = Debug|Any CPU
		{664916E4-6110-4B75-BA25-6882A9DD9CA8}.Debug|Any CPU.Build.0 = Debug|Any CPU
		{664916E4-6110-4B75-BA25-6882A9DD9CA8}.Release|Any CPU.ActiveCfg = Release|Any CPU
		{664916E4-6110-4B75-BA25-6882A9DD9CA8}.Release|Any CPU.Build.0 = Release|Any CPU
		{C754F4F8-6D7F-4297-81F6-835E618B0852}.Debug|Any CPU.ActiveCfg = Debug|Any CPU
		{C754F4F8-6D7F-4297-81F6-835E618B0852}.Debug|Any CPU.Build.0 = Debug|Any CPU
		{C754F4F8-6D7F-4297-81F6-835E618B0852}.Release|Any CPU.ActiveCfg = Release|Any CPU
		{C754F4F8-6D7F-4297-81F6-835E618B0852}.Release|Any CPU.Build.0 = Release|Any CPU
		{8366C410-3475-4B7F-A1FF-60C7FF92CBC4}.Debug|Any CPU.ActiveCfg = Debug|Any CPU
		{8366C410-3475-4B7F-A1FF-60C7FF92CBC4}.Debug|Any CPU.Build.0 = Debug|Any CPU
		{8366C410-3475-4B7F-A1FF-60C7FF92CBC4}.Release|Any CPU.ActiveCfg = Release|Any CPU
		{8366C410-3475-4B7F-A1FF-60C7FF92CBC4}.Release|Any CPU.Build.0 = Release|Any CPU
	EndGlobalSection
	GlobalSection(SolutionProperties) = preSolution
		HideSolutionNode = FALSE
	EndGlobalSection
	GlobalSection(ExtensibilityGlobals) = postSolution
		SolutionGuid = {69E4C3CE-AD60-4FE8-889F-3AD381F79205}
	EndGlobalSection
EndGlobal
